// !$*UTF8*$!
{
	archiveVersion = 1;
	classes = {
	};
	objectVersion = 48;
	objects = {

/* Begin PBXBuildFile section */
		1838FF0820188A1900DEBB40 /* extendeLinearList.cpp in Sources */ = {isa = PBXBuildFile; fileRef = 1838FF0620188A1900DEBB40 /* extendeLinearList.cpp */; };
		1838FF0B20188AA400DEBB40 /* extendedChain.cpp in Sources */ = {isa = PBXBuildFile; fileRef = 1838FF0920188AA400DEBB40 /* extendedChain.cpp */; };
		18D06DA120172C3200C3AF74 /* main.cpp in Sources */ = {isa = PBXBuildFile; fileRef = 18D06DA020172C3200C3AF74 /* main.cpp */; };
		18D06DAE20172FAE00C3AF74 /* linearList.cpp in Sources */ = {isa = PBXBuildFile; fileRef = 18D06DAC20172FAE00C3AF74 /* linearList.cpp */; };
		18D06DB4201731AE00C3AF74 /* Exception.cpp in Sources */ = {isa = PBXBuildFile; fileRef = 18D06DB2201731AE00C3AF74 /* Exception.cpp */; };
		18D06DB72017443F00C3AF74 /* arrayList.cpp in Sources */ = {isa = PBXBuildFile; fileRef = 18D06DB52017443F00C3AF74 /* arrayList.cpp */; };
		18D06DBA20175EF900C3AF74 /* chain.cpp in Sources */ = {isa = PBXBuildFile; fileRef = 18D06DB820175EF900C3AF74 /* chain.cpp */; };
/* End PBXBuildFile section */

/* Begin PBXCopyFilesBuildPhase section */
		18D06D9B20172C3200C3AF74 /* CopyFiles */ = {
			isa = PBXCopyFilesBuildPhase;
			buildActionMask = 2147483647;
			dstPath = /usr/share/man/man1/;
			dstSubfolderSpec = 0;
			files = (
			);
			runOnlyForDeploymentPostprocessing = 1;
		};
/* End PBXCopyFilesBuildPhase section */

/* Begin PBXFileReference section */
		1838FF0620188A1900DEBB40 /* extendeLinearList.cpp */ = {isa = PBXFileReference; lastKnownFileType = sourcecode.cpp.cpp; path = extendeLinearList.cpp; sourceTree = "<group>"; };
		1838FF0720188A1900DEBB40 /* extendeLinearList.hpp */ = {isa = PBXFileReference; lastKnownFileType = sourcecode.cpp.h; path = extendeLinearList.hpp; sourceTree = "<group>"; };
		1838FF0920188AA400DEBB40 /* extendedChain.cpp */ = {isa = PBXFileReference; lastKnownFileType = sourcecode.cpp.cpp; path = extendedChain.cpp; sourceTree = "<group>"; };
		1838FF0A20188AA400DEBB40 /* extendedChain.hpp */ = {isa = PBXFileReference; lastKnownFileType = sourcecode.cpp.h; path = extendedChain.hpp; sourceTree = "<group>"; };
		18D06D9D20172C3200C3AF74 /* DataStructureAndAlgorithm */ = {isa = PBXFileReference; explicitFileType = "compiled.mach-o.executable"; includeInIndex = 0; path = DataStructureAndAlgorithm; sourceTree = BUILT_PRODUCTS_DIR; };
		18D06DA020172C3200C3AF74 /* main.cpp */ = {isa = PBXFileReference; lastKnownFileType = sourcecode.cpp.cpp; path = main.cpp; sourceTree = "<group>"; };
		18D06DAC20172FAE00C3AF74 /* linearList.cpp */ = {isa = PBXFileReference; lastKnownFileType = sourcecode.cpp.cpp; path = linearList.cpp; sourceTree = "<group>"; };
		18D06DAD20172FAE00C3AF74 /* linearList.hpp */ = {isa = PBXFileReference; lastKnownFileType = sourcecode.cpp.h; path = linearList.hpp; sourceTree = "<group>"; };
		18D06DB02017313600C3AF74 /* utlity.h */ = {isa = PBXFileReference; lastKnownFileType = sourcecode.c.h; path = utlity.h; sourceTree = "<group>"; };
		18D06DB2201731AE00C3AF74 /* Exception.cpp */ = {isa = PBXFileReference; lastKnownFileType = sourcecode.cpp.cpp; path = Exception.cpp; sourceTree = "<group>"; };
		18D06DB3201731AE00C3AF74 /* Exception.hpp */ = {isa = PBXFileReference; lastKnownFileType = sourcecode.cpp.h; path = Exception.hpp; sourceTree = "<group>"; };
		18D06DB52017443F00C3AF74 /* arrayList.cpp */ = {isa = PBXFileReference; lastKnownFileType = sourcecode.cpp.cpp; path = arrayList.cpp; sourceTree = "<group>"; };
		18D06DB62017443F00C3AF74 /* arrayList.hpp */ = {isa = PBXFileReference; lastKnownFileType = sourcecode.cpp.h; path = arrayList.hpp; sourceTree = "<group>"; };
		18D06DB820175EF900C3AF74 /* chain.cpp */ = {isa = PBXFileReference; lastKnownFileType = sourcecode.cpp.cpp; path = chain.cpp; sourceTree = "<group>"; };
		18D06DB920175EF900C3AF74 /* chain.hpp */ = {isa = PBXFileReference; lastKnownFileType = sourcecode.cpp.h; path = chain.hpp; sourceTree = "<group>"; };
/* End PBXFileReference section */

/* Begin PBXFrameworksBuildPhase section */
		18D06D9A20172C3200C3AF74 /* Frameworks */ = {
			isa = PBXFrameworksBuildPhase;
			buildActionMask = 2147483647;
			files = (
			);
			runOnlyForDeploymentPostprocessing = 0;
		};
/* End PBXFrameworksBuildPhase section */

/* Begin PBXGroup section */
		18D06D9420172C3200C3AF74 = {
			isa = PBXGroup;
			children = (
				18D06D9F20172C3200C3AF74 /* DataStructureAndAlgorithm */,
				18D06D9E20172C3200C3AF74 /* Products */,
			);
			sourceTree = "<group>";
		};
		18D06D9E20172C3200C3AF74 /* Products */ = {
			isa = PBXGroup;
			children = (
				18D06D9D20172C3200C3AF74 /* DataStructureAndAlgorithm */,
			);
			name = Products;
			sourceTree = "<group>";
		};
		18D06D9F20172C3200C3AF74 /* DataStructureAndAlgorithm */ = {
			isa = PBXGroup;
			children = (
				18D06DB12017318D00C3AF74 /* Exception */,
				18D06DAF201730FE00C3AF74 /* Tool */,
				18D06DAB20172F6B00C3AF74 /* LinearList */,
				18D06DA020172C3200C3AF74 /* main.cpp */,
			);
			path = DataStructureAndAlgorithm;
			sourceTree = "<group>";
		};
		18D06DAB20172F6B00C3AF74 /* LinearList */ = {
			isa = PBXGroup;
			children = (
				18D06DAC20172FAE00C3AF74 /* linearList.cpp */,
				18D06DAD20172FAE00C3AF74 /* linearList.hpp */,
				18D06DB52017443F00C3AF74 /* arrayList.cpp */,
				18D06DB62017443F00C3AF74 /* arrayList.hpp */,
				18D06DB820175EF900C3AF74 /* chain.cpp */,
				18D06DB920175EF900C3AF74 /* chain.hpp */,
				1838FF0620188A1900DEBB40 /* extendeLinearList.cpp */,
				1838FF0720188A1900DEBB40 /* extendeLinearList.hpp */,
				1838FF0920188AA400DEBB40 /* extendedChain.cpp */,
				1838FF0A20188AA400DEBB40 /* extendedChain.hpp */,
			);
			path = LinearList;
			sourceTree = "<group>";
		};
		18D06DAF201730FE00C3AF74 /* Tool */ = {
			isa = PBXGroup;
			children = (
				18D06DB02017313600C3AF74 /* utlity.h */,
			);
			path = Tool;
			sourceTree = "<group>";
		};
		18D06DB12017318D00C3AF74 /* Exception */ = {
			isa = PBXGroup;
			children = (
				18D06DB2201731AE00C3AF74 /* Exception.cpp */,
				18D06DB3201731AE00C3AF74 /* Exception.hpp */,
			);
			path = Exception;
			sourceTree = "<group>";
		};
/* End PBXGroup section */

/* Begin PBXNativeTarget section */
		18D06D9C20172C3200C3AF74 /* DataStructureAndAlgorithm */ = {
			isa = PBXNativeTarget;
			buildConfigurationList = 18D06DA420172C3200C3AF74 /* Build configuration list for PBXNativeTarget "DataStructureAndAlgorithm" */;
			buildPhases = (
				18D06D9920172C3200C3AF74 /* Sources */,
				18D06D9A20172C3200C3AF74 /* Frameworks */,
				18D06D9B20172C3200C3AF74 /* CopyFiles */,
			);
			buildRules = (
			);
			dependencies = (
			);
			name = DataStructureAndAlgorithm;
			productName = DataStructureAndAlgorithm;
			productReference = 18D06D9D20172C3200C3AF74 /* DataStructureAndAlgorithm */;
			productType = "com.apple.product-type.tool";
		};
/* End PBXNativeTarget section */

/* Begin PBXProject section */
		18D06D9520172C3200C3AF74 /* Project object */ = {
			isa = PBXProject;
			attributes = {
				LastUpgradeCheck = 0920;
				ORGANIZATIONNAME = lcy;
				TargetAttributes = {
					18D06D9C20172C3200C3AF74 = {
						CreatedOnToolsVersion = 9.2;
						ProvisioningStyle = Automatic;
					};
				};
			};
			buildConfigurationList = 18D06D9820172C3200C3AF74 /* Build configuration list for PBXProject "DataStructureAndAlgorithm" */;
			compatibilityVersion = "Xcode 8.0";
			developmentRegion = en;
			hasScannedForEncodings = 0;
			knownRegions = (
				en,
			);
			mainGroup = 18D06D9420172C3200C3AF74;
			productRefGroup = 18D06D9E20172C3200C3AF74 /* Products */;
			projectDirPath = "";
			projectRoot = "";
			targets = (
				18D06D9C20172C3200C3AF74 /* DataStructureAndAlgorithm */,
			);
		};
/* End PBXProject section */

/* Begin PBXSourcesBuildPhase section */
		18D06D9920172C3200C3AF74 /* Sources */ = {
			isa = PBXSourcesBuildPhase;
			buildActionMask = 2147483647;
			files = (
				18D06DAE20172FAE00C3AF74 /* linearList.cpp in Sources */,
				1838FF0B20188AA400DEBB40 /* extendedChain.cpp in Sources */,
				18D06DB72017443F00C3AF74 /* arrayList.cpp in Sources */,
				18D06DB4201731AE00C3AF74 /* Exception.cpp in Sources */,
				18D06DBA20175EF900C3AF74 /* chain.cpp in Sources */,
				1838FF0820188A1900DEBB40 /* extendeLinearList.cpp in Sources */,
				18D06DA120172C3200C3AF74 /* main.cpp in Sources */,
			);
			runOnlyForDeploymentPostprocessing = 0;
		};
/* End PBXSourcesBuildPhase section */

/* Begin XCBuildConfiguration section */
		18D06DA220172C3200C3AF74 /* Debug */ = {
			isa = XCBuildConfiguration;
			buildSettings = {
				ALWAYS_SEARCH_USER_PATHS = NO;
				CLANG_ANALYZER_NONNULL = YES;
				CLANG_ANALYZER_NUMBER_OBJECT_CONVERSION = YES_AGGRESSIVE;
				CLANG_CXX_LANGUAGE_STANDARD = "gnu++14";
				CLANG_CXX_LIBRARY = "libc++";
				CLANG_ENABLE_MODULES = YES;
				CLANG_ENABLE_OBJC_ARC = YES;
				CLANG_WARN_BLOCK_CAPTURE_AUTORELEASING = YES;
				CLANG_WARN_BOOL_CONVERSION = YES;
				CLANG_WARN_COMMA = YES;
				CLANG_WARN_CONSTANT_CONVERSION = YES;
				CLANG_WARN_DIRECT_OBJC_ISA_USAGE = YES_ERROR;
				CLANG_WARN_DOCUMENTATION_COMMENTS = YES;
				CLANG_WARN_EMPTY_BODY = YES;
				CLANG_WARN_ENUM_CONVERSION = YES;
				CLANG_WARN_INFINITE_RECURSION = YES;
				CLANG_WARN_INT_CONVERSION = YES;
				CLANG_WARN_NON_LITERAL_NULL_CONVERSION = YES;
				CLANG_WARN_OBJC_LITERAL_CONVERSION = YES;
				CLANG_WARN_OBJC_ROOT_CLASS = YES_ERROR;
				CLANG_WARN_RANGE_LOOP_ANALYSIS = YES;
				CLANG_WARN_STRICT_PROTOTYPES = YES;
				CLANG_WARN_SUSPICIOUS_MOVE = YES;
				CLANG_WARN_UNGUARDED_AVAILABILITY = YES_AGGRESSIVE;
				CLANG_WARN_UNREACHABLE_CODE = YES;
				CLANG_WARN__DUPLICATE_METHOD_MATCH = YES;
				CODE_SIGN_IDENTITY = "-";
				COPY_PHASE_STRIP = NO;
				DEBUG_INFORMATION_FORMAT = dwarf;
				ENABLE_STRICT_OBJC_MSGSEND = YES;
				ENABLE_TESTABILITY = YES;
				GCC_C_LANGUAGE_STANDARD = gnu11;
				GCC_DYNAMIC_NO_PIC = NO;
				GCC_NO_COMMON_BLOCKS = YES;
				GCC_OPTIMIZATION_LEVEL = 0;
				GCC_PREPROCESSOR_DEFINITIONS = (
					"DEBUG=1",
					"$(inherited)",
				);
				GCC_WARN_64_TO_32_BIT_CONVERSION = YES;
				GCC_WARN_ABOUT_RETURN_TYPE = YES_ERROR;
				GCC_WARN_UNDECLARED_SELECTOR = YES;
				GCC_WARN_UNINITIALIZED_AUTOS = YES_AGGRESSIVE;
				GCC_WARN_UNUSED_FUNCTION = YES;
				GCC_WARN_UNUSED_VARIABLE = YES;
				MACOSX_DEPLOYMENT_TARGET = 10.13;
				MTL_ENABLE_DEBUG_INFO = YES;
				ONLY_ACTIVE_ARCH = YES;
				SDKROOT = macosx;
			};
			name = Debug;
		};
		18D06DA320172C3200C3AF74 /* Release */ = {
			isa = XCBuildConfiguration;
			buildSettings = {
				ALWAYS_SEARCH_USER_PATHS = NO;
				CLANG_ANALYZER_NONNULL = YES;
				CLANG_ANALYZER_NUMBER_OBJECT_CONVERSION = YES_AGGRESSIVE;
				CLANG_CXX_LANGUAGE_STANDARD = "gnu++14";
				CLANG_CXX_LIBRARY = "libc++";
				CLANG_ENABLE_MODULES = YES;
				CLANG_ENABLE_OBJC_ARC = YES;
				CLANG_WARN_BLOCK_CAPTURE_AUTORELEASING = YES;
				CLANG_WARN_BOOL_CONVERSION = YES;
				CLANG_WARN_COMMA = YES;
				CLANG_WARN_CONSTANT_CONVERSION = YES;
				CLANG_WARN_DIRECT_OBJC_ISA_USAGE = YES_ERROR;
				CLANG_WARN_DOCUMENTATION_COMMENTS = YES;
				CLANG_WARN_EMPTY_BODY = YES;
				CLANG_WARN_ENUM_CONVERSION = YES;
				CLANG_WARN_INFINITE_RECURSION = YES;
				CLANG_WARN_INT_CONVERSION = YES;
				CLANG_WARN_NON_LITERAL_NULL_CONVERSION = YES;
				CLANG_WARN_OBJC_LITERAL_CONVERSION = YES;
				CLANG_WARN_OBJC_ROOT_CLASS = YES_ERROR;
				CLANG_WARN_RANGE_LOOP_ANALYSIS = YES;
				CLANG_WARN_STRICT_PROTOTYPES = YES;
				CLANG_WARN_SUSPICIOUS_MOVE = YES;
				CLANG_WARN_UNGUARDED_AVAILABILITY = YES_AGGRESSIVE;
				CLANG_WARN_UNREACHABLE_CODE = YES;
				CLANG_WARN__DUPLICATE_METHOD_MATCH = YES;
				CODE_SIGN_IDENTITY = "-";
				COPY_PHASE_STRIP = NO;
				DEBUG_INFORMATION_FORMAT = "dwarf-with-dsym";
				ENABLE_NS_ASSERTIONS = NO;
				ENABLE_STRICT_OBJC_MSGSEND = YES;
				GCC_C_LANGUAGE_STANDARD = gnu11;
				GCC_NO_COMMON_BLOCKS = YES;
				GCC_WARN_64_TO_32_BIT_CONVERSION = YES;
				GCC_WARN_ABOUT_RETURN_TYPE = YES_ERROR;
				GCC_WARN_UNDECLARED_SELECTOR = YES;
				GCC_WARN_UNINITIALIZED_AUTOS = YES_AGGRESSIVE;
				GCC_WARN_UNUSED_FUNCTION = YES;
				GCC_WARN_UNUSED_VARIABLE = YES;
				MACOSX_DEPLOYMENT_TARGET = 10.13;
				MTL_ENABLE_DEBUG_INFO = NO;
				SDKROOT = macosx;
			};
			name = Release;
		};
		18D06DA520172C3200C3AF74 /* Debug */ = {
			isa = XCBuildConfiguration;
			buildSettings = {
				CODE_SIGN_STYLE = Automatic;
				PRODUCT_NAME = "$(TARGET_NAME)";
			};
			name = Debug;
		};
		18D06DA620172C3200C3AF74 /* Release */ = {
			isa = XCBuildConfiguration;
			buildSettings = {
				CODE_SIGN_STYLE = Automatic;
				PRODUCT_NAME = "$(TARGET_NAME)";
			};
			name = Release;
		};
/* End XCBuildConfiguration section */

/* Begin XCConfigurationList section */
		18D06D9820172C3200C3AF74 /* Build configuration list for PBXProject "DataStructureAndAlgorithm" */ = {
			isa = XCConfigurationList;
			buildConfigurations = (
				18D06DA220172C3200C3AF74 /* Debug */,
				18D06DA320172C3200C3AF74 /* Release */,
			);
			defaultConfigurationIsVisible = 0;
			defaultConfigurationName = Release;
		};
		18D06DA420172C3200C3AF74 /* Build configuration list for PBXNativeTarget "DataStructureAndAlgorithm" */ = {
			isa = XCConfigurationList;
			buildConfigurations = (
				18D06DA520172C3200C3AF74 /* Debug */,
				18D06DA620172C3200C3AF74 /* Release */,
			);
			defaultConfigurationIsVisible = 0;
			defaultConfigurationName = Release;
		};
/* End XCConfigurationList section */
	};
	rootObject = 18D06D9520172C3200C3AF74 /* Project object */;
}
